lockfileVersion: '6.0'

settings:
  autoInstallPeers: true
  excludeLinksFromLockfile: false

devDependencies:
  '@types/aws-lambda':
    specifier: ^8.10.119
    version: 8.10.119
  lambda-build:
    specifier: ^1.0.6
    version: 1.0.6

packages:

  /@aws-crypto/crc32@3.0.0:
    resolution: {integrity: sha512-IzSgsrxUcsrejQbPVilIKy16kAT52EwB6zSaI+M3xxIhKh5+aldEyvI+z6erM7TCLB2BJsFrtHjp6/4/sr+3dA==}
    dependencies:
      '@aws-crypto/util': 3.0.0
      '@aws-sdk/types': 3.398.0
      tslib: 1.14.1
    dev: true

  /@aws-crypto/ie11-detection@3.0.0:
    resolution: {integrity: sha512-341lBBkiY1DfDNKai/wXM3aujNBkXR7tq1URPQDL9wi3AUbI80NR74uF1TXHMm7po1AcnFk8iu2S2IeU/+/A+Q==}
    dependencies:
      tslib: 1.14.1
    dev: true

  /@aws-crypto/sha256-browser@3.0.0:
    resolution: {integrity: sha512-8VLmW2B+gjFbU5uMeqtQM6Nj0/F1bro80xQXCW6CQBWgosFWXTx77aeOF5CAIAmbOK64SdMBJdNr6J41yP5mvQ==}
    dependencies:
      '@aws-crypto/ie11-detection': 3.0.0
      '@aws-crypto/sha256-js': 3.0.0
      '@aws-crypto/supports-web-crypto': 3.0.0
      '@aws-crypto/util': 3.0.0
      '@aws-sdk/types': 3.398.0
      '@aws-sdk/util-locate-window': 3.310.0
      '@aws-sdk/util-utf8-browser': 3.259.0
      tslib: 1.14.1
    dev: true

  /@aws-crypto/sha256-js@3.0.0:
    resolution: {integrity: sha512-PnNN7os0+yd1XvXAy23CFOmTbMaDxgxXtTKHybrJ39Y8kGzBATgBFibWJKH6BhytLI/Zyszs87xCOBNyBig6vQ==}
    dependencies:
      '@aws-crypto/util': 3.0.0
      '@aws-sdk/types': 3.398.0
      tslib: 1.14.1
    dev: true

  /@aws-crypto/supports-web-crypto@3.0.0:
    resolution: {integrity: sha512-06hBdMwUAb2WFTuGG73LSC0wfPu93xWwo5vL2et9eymgmu3Id5vFAHBbajVWiGhPO37qcsdCap/FqXvJGJWPIg==}
    dependencies:
      tslib: 1.14.1
    dev: true

  /@aws-crypto/util@3.0.0:
    resolution: {integrity: sha512-2OJlpeJpCR48CC8r+uKVChzs9Iungj9wkZrl8Z041DWEWvyIHILYKCPNzJghKsivj+S3mLo6BVc7mBNzdxA46w==}
    dependencies:
      '@aws-sdk/types': 3.398.0
      '@aws-sdk/util-utf8-browser': 3.259.0
      tslib: 1.14.1
    dev: true

  /@aws-sdk/client-lambda@3.405.0:
    resolution: {integrity: sha512-q43LQCllmfIMbA8low6lNIJdD3HxfN08RpB4vIWQhzwHxXrj0GV15pxPQa4SQdzSF6OfKIoW58Z2M/IPYvlQhg==}
    engines: {node: '>=14.0.0'}
    dependencies:
      '@aws-crypto/sha256-browser': 3.0.0
      '@aws-crypto/sha256-js': 3.0.0
      '@aws-sdk/client-sts': 3.405.0
      '@aws-sdk/credential-provider-node': 3.405.0
      '@aws-sdk/middleware-host-header': 3.398.0
      '@aws-sdk/middleware-logger': 3.398.0
      '@aws-sdk/middleware-recursion-detection': 3.398.0
      '@aws-sdk/middleware-signing': 3.398.0
      '@aws-sdk/middleware-user-agent': 3.398.0
      '@aws-sdk/types': 3.398.0
      '@aws-sdk/util-endpoints': 3.398.0
      '@aws-sdk/util-user-agent-browser': 3.398.0
      '@aws-sdk/util-user-agent-node': 3.405.0
      '@smithy/config-resolver': 2.0.5
      '@smithy/eventstream-serde-browser': 2.0.5
      '@smithy/eventstream-serde-config-resolver': 2.0.5
      '@smithy/eventstream-serde-node': 2.0.5
      '@smithy/fetch-http-handler': 2.0.5
      '@smithy/hash-node': 2.0.5
      '@smithy/invalid-dependency': 2.0.5
      '@smithy/middleware-content-length': 2.0.5
      '@smithy/middleware-endpoint': 2.0.5
      '@smithy/middleware-retry': 2.0.5
      '@smithy/middleware-serde': 2.0.5
      '@smithy/middleware-stack': 2.0.0
      '@smithy/node-config-provider': 2.0.7
      '@smithy/node-http-handler': 2.0.5
      '@smithy/protocol-http': 2.0.5
      '@smithy/smithy-client': 2.0.5
      '@smithy/types': 2.2.2
      '@smithy/url-parser': 2.0.5
      '@smithy/util-base64': 2.0.0
      '@smithy/util-body-length-browser': 2.0.0
      '@smithy/util-body-length-node': 2.1.0
      '@smithy/util-defaults-mode-browser': 2.0.6
      '@smithy/util-defaults-mode-node': 2.0.7
      '@smithy/util-retry': 2.0.0
      '@smithy/util-stream': 2.0.5
      '@smithy/util-utf8': 2.0.0
      '@smithy/util-waiter': 2.0.5
      tslib: 2.6.2
    transitivePeerDependencies:
      - aws-crt
    dev: true

  /@aws-sdk/client-sso@3.405.0:
    resolution: {integrity: sha512-z1ssydU07bDhe0tNXQwVO+rWh/iSfK48JI8s8vgpBNwH+NejMzIJ9r3AkjCiJ+LSAwlBZItUsNWwR0veIfgBiw==}
    engines: {node: '>=14.0.0'}
    dependencies:
      '@aws-crypto/sha256-browser': 3.0.0
      '@aws-crypto/sha256-js': 3.0.0
      '@aws-sdk/middleware-host-header': 3.398.0
      '@aws-sdk/middleware-logger': 3.398.0
      '@aws-sdk/middleware-recursion-detection': 3.398.0
      '@aws-sdk/middleware-user-agent': 3.398.0
      '@aws-sdk/types': 3.398.0
      '@aws-sdk/util-endpoints': 3.398.0
      '@aws-sdk/util-user-agent-browser': 3.398.0
      '@aws-sdk/util-user-agent-node': 3.405.0
      '@smithy/config-resolver': 2.0.5
      '@smithy/fetch-http-handler': 2.0.5
      '@smithy/hash-node': 2.0.5
      '@smithy/invalid-dependency': 2.0.5
      '@smithy/middleware-content-length': 2.0.5
      '@smithy/middleware-endpoint': 2.0.5
      '@smithy/middleware-retry': 2.0.5
      '@smithy/middleware-serde': 2.0.5
      '@smithy/middleware-stack': 2.0.0
      '@smithy/node-config-provider': 2.0.7
      '@smithy/node-http-handler': 2.0.5
      '@smithy/protocol-http': 2.0.5
      '@smithy/smithy-client': 2.0.5
      '@smithy/types': 2.2.2
      '@smithy/url-parser': 2.0.5
      '@smithy/util-base64': 2.0.0
      '@smithy/util-body-length-browser': 2.0.0
      '@smithy/util-body-length-node': 2.1.0
      '@smithy/util-defaults-mode-browser': 2.0.6
      '@smithy/util-defaults-mode-node': 2.0.7
      '@smithy/util-retry': 2.0.0
      '@smithy/util-utf8': 2.0.0
      tslib: 2.6.2
    transitivePeerDependencies:
      - aws-crt
    dev: true

  /@aws-sdk/client-sts@3.405.0:
    resolution: {integrity: sha512-asVEpda3zu5QUO5ZNNjbLBS0718IhxxyUDVrNmVTKZoOhK1pMNouGZf+l49v0Lb5cOPbUds8cxsNaInj2MvIKw==}
    engines: {node: '>=14.0.0'}
    dependencies:
      '@aws-crypto/sha256-browser': 3.0.0
      '@aws-crypto/sha256-js': 3.0.0
      '@aws-sdk/credential-provider-node': 3.405.0
      '@aws-sdk/middleware-host-header': 3.398.0
      '@aws-sdk/middleware-logger': 3.398.0
      '@aws-sdk/middleware-recursion-detection': 3.398.0
      '@aws-sdk/middleware-sdk-sts': 3.398.0
      '@aws-sdk/middleware-signing': 3.398.0
      '@aws-sdk/middleware-user-agent': 3.398.0
      '@aws-sdk/types': 3.398.0
      '@aws-sdk/util-endpoints': 3.398.0
      '@aws-sdk/util-user-agent-browser': 3.398.0
      '@aws-sdk/util-user-agent-node': 3.405.0
      '@smithy/config-resolver': 2.0.5
      '@smithy/fetch-http-handler': 2.0.5
      '@smithy/hash-node': 2.0.5
      '@smithy/invalid-dependency': 2.0.5
      '@smithy/middleware-content-length': 2.0.5
      '@smithy/middleware-endpoint': 2.0.5
      '@smithy/middleware-retry': 2.0.5
      '@smithy/middleware-serde': 2.0.5
      '@smithy/middleware-stack': 2.0.0
      '@smithy/node-config-provider': 2.0.7
      '@smithy/node-http-handler': 2.0.5
      '@smithy/protocol-http': 2.0.5
      '@smithy/smithy-client': 2.0.5
      '@smithy/types': 2.2.2
      '@smithy/url-parser': 2.0.5
      '@smithy/util-base64': 2.0.0
      '@smithy/util-body-length-browser': 2.0.0
      '@smithy/util-body-length-node': 2.1.0
      '@smithy/util-defaults-mode-browser': 2.0.6
      '@smithy/util-defaults-mode-node': 2.0.7
      '@smithy/util-retry': 2.0.0
      '@smithy/util-utf8': 2.0.0
      fast-xml-parser: 4.2.5
      tslib: 2.6.2
    transitivePeerDependencies:
      - aws-crt
    dev: true

  /@aws-sdk/credential-provider-env@3.398.0:
    resolution: {integrity: sha512-Z8Yj5z7FroAsR6UVML+XUdlpoqEe9Dnle8c2h8/xWwIC2feTfIBhjLhRVxfbpbM1pLgBSNEcZ7U8fwq5l7ESVQ==}
    engines: {node: '>=14.0.0'}
    dependencies:
      '@aws-sdk/types': 3.398.0
      '@smithy/property-provider': 2.0.6
      '@smithy/types': 2.2.2
      tslib: 2.6.2
    dev: true

  /@aws-sdk/credential-provider-ini@3.405.0:
    resolution: {integrity: sha512-b4TqVsM4WQM96GDVs+TYOhU2/0SnUWzz6NH55qY1y2xyF8/pZEhc0XXdpvZtQQBLGdROhXCbxhBVye8GmTpgcg==}
    engines: {node: '>=14.0.0'}
    dependencies:
      '@aws-sdk/credential-provider-env': 3.398.0
      '@aws-sdk/credential-provider-process': 3.405.0
      '@aws-sdk/credential-provider-sso': 3.405.0
      '@aws-sdk/credential-provider-web-identity': 3.398.0
      '@aws-sdk/types': 3.398.0
      '@smithy/credential-provider-imds': 2.0.7
      '@smithy/property-provider': 2.0.6
      '@smithy/shared-ini-file-loader': 2.0.6
      '@smithy/types': 2.2.2
      tslib: 2.6.2
    transitivePeerDependencies:
      - aws-crt
    dev: true

  /@aws-sdk/credential-provider-node@3.405.0:
    resolution: {integrity: sha512-AMmRP09nwYsft0MXDlHIxMQe7IloWW8As0lbZmPrG7Y7mK5RDmCIwD2yMDz77Zqlv09FsYt+9+cOK2fTNhim+Q==}
    engines: {node: '>=14.0.0'}
    dependencies:
      '@aws-sdk/credential-provider-env': 3.398.0
      '@aws-sdk/credential-provider-ini': 3.405.0
      '@aws-sdk/credential-provider-process': 3.405.0
      '@aws-sdk/credential-provider-sso': 3.405.0
      '@aws-sdk/credential-provider-web-identity': 3.398.0
      '@aws-sdk/types': 3.398.0
      '@smithy/credential-provider-imds': 2.0.7
      '@smithy/property-provider': 2.0.6
      '@smithy/shared-ini-file-loader': 2.0.6
      '@smithy/types': 2.2.2
      tslib: 2.6.2
    transitivePeerDependencies:
      - aws-crt
    dev: true

  /@aws-sdk/credential-provider-process@3.405.0:
    resolution: {integrity: sha512-EqAMcUVeZAICYHHL8x5Fi5CYPgCo9UCE7ScWmU5Sa2wAFY4XLyQ1mMxX3lKGYx9lBxWk3dqnhmvlcqdzN7AjyQ==}
    engines: {node: '>=14.0.0'}
    dependencies:
      '@aws-sdk/types': 3.398.0
      '@smithy/property-provider': 2.0.6
      '@smithy/shared-ini-file-loader': 2.0.6
      '@smithy/types': 2.2.2
      tslib: 2.6.2
    dev: true

  /@aws-sdk/credential-provider-sso@3.405.0:
    resolution: {integrity: sha512-fXqSgQHz7qcmIWMVguwSMSjqFkVfN2+XiNgiskcmeYiCS7mIGAgUnKABZc9Ds2+YW9ATYiY0BOD5aWxc8TX5fA==}
    engines: {node: '>=14.0.0'}
    dependencies:
      '@aws-sdk/client-sso': 3.405.0
      '@aws-sdk/token-providers': 3.405.0
      '@aws-sdk/types': 3.398.0
      '@smithy/property-provider': 2.0.6
      '@smithy/shared-ini-file-loader': 2.0.6
      '@smithy/types': 2.2.2
      tslib: 2.6.2
    transitivePeerDependencies:
      - aws-crt
    dev: true

  /@aws-sdk/credential-provider-web-identity@3.398.0:
    resolution: {integrity: sha512-iG3905Alv9pINbQ8/MIsshgqYMbWx+NDQWpxbIW3W0MkSH3iAqdVpSCteYidYX9G/jv2Um1nW3y360ib20bvNg==}
    engines: {node: '>=14.0.0'}
    dependencies:
      '@aws-sdk/types': 3.398.0
      '@smithy/property-provider': 2.0.6
      '@smithy/types': 2.2.2
      tslib: 2.6.2
    dev: true

  /@aws-sdk/middleware-host-header@3.398.0:
    resolution: {integrity: sha512-m+5laWdBaxIZK2ko0OwcCHJZJ5V1MgEIt8QVQ3k4/kOkN9ICjevOYmba751pHoTnbOYB7zQd6D2OT3EYEEsUcA==}
    engines: {node: '>=14.0.0'}
    dependencies:
      '@aws-sdk/types': 3.398.0
      '@smithy/protocol-http': 2.0.5
      '@smithy/types': 2.2.2
      tslib: 2.6.2
    dev: true

  /@aws-sdk/middleware-logger@3.398.0:
    resolution: {integrity: sha512-CiJjW+FL12elS6Pn7/UVjVK8HWHhXMfvHZvOwx/Qkpy340sIhkuzOO6fZEruECDTZhl2Wqn81XdJ1ZQ4pRKpCg==}
    engines: {node: '>=14.0.0'}
    dependencies:
      '@aws-sdk/types': 3.398.0
      '@smithy/types': 2.2.2
      tslib: 2.6.2
    dev: true

  /@aws-sdk/middleware-recursion-detection@3.398.0:
    resolution: {integrity: sha512-7QpOqPQAZNXDXv6vsRex4R8dLniL0E/80OPK4PPFsrCh9btEyhN9Begh4i1T+5lL28hmYkztLOkTQ2N5J3hgRQ==}
    engines: {node: '>=14.0.0'}
    dependencies:
      '@aws-sdk/types': 3.398.0
      '@smithy/protocol-http': 2.0.5
      '@smithy/types': 2.2.2
      tslib: 2.6.2
    dev: true

  /@aws-sdk/middleware-sdk-sts@3.398.0:
    resolution: {integrity: sha512-+JH76XHEgfVihkY+GurohOQ5Z83zVN1nYcQzwCFnCDTh4dG4KwhnZKG+WPw6XJECocY0R+H0ivofeALHvVWJtQ==}
    engines: {node: '>=14.0.0'}
    dependencies:
      '@aws-sdk/middleware-signing': 3.398.0
      '@aws-sdk/types': 3.398.0
      '@smithy/types': 2.2.2
      tslib: 2.6.2
    dev: true

  /@aws-sdk/middleware-signing@3.398.0:
    resolution: {integrity: sha512-O0KqXAix1TcvZBFt1qoFkHMUNJOSgjJTYS7lFTRKSwgsD27bdW2TM2r9R8DAccWFt5Amjkdt+eOwQMIXPGTm8w==}
    engines: {node: '>=14.0.0'}
    dependencies:
      '@aws-sdk/types': 3.398.0
      '@smithy/property-provider': 2.0.6
      '@smithy/protocol-http': 2.0.5
      '@smithy/signature-v4': 2.0.5
      '@smithy/types': 2.2.2
      '@smithy/util-middleware': 2.0.0
      tslib: 2.6.2
    dev: true

  /@aws-sdk/middleware-user-agent@3.398.0:
    resolution: {integrity: sha512-nF1jg0L+18b5HvTcYzwyFgfZQQMELJINFqI0mi4yRKaX7T5a3aGp5RVLGGju/6tAGTuFbfBoEhkhU3kkxexPYQ==}
    engines: {node: '>=14.0.0'}
    dependencies:
      '@aws-sdk/types': 3.398.0
      '@aws-sdk/util-endpoints': 3.398.0
      '@smithy/protocol-http': 2.0.5
      '@smithy/types': 2.2.2
      tslib: 2.6.2
    dev: true

  /@aws-sdk/token-providers@3.405.0:
    resolution: {integrity: sha512-rVzC7ptf7TlV84M9w+Ds9isio1EY7bs1MRFv/6lmYstsyTri+DaZG10TwXSGfzIMwB0yVh11niCxO9wSjQ36zg==}
    engines: {node: '>=14.0.0'}
    dependencies:
      '@aws-crypto/sha256-browser': 3.0.0
      '@aws-crypto/sha256-js': 3.0.0
      '@aws-sdk/middleware-host-header': 3.398.0
      '@aws-sdk/middleware-logger': 3.398.0
      '@aws-sdk/middleware-recursion-detection': 3.398.0
      '@aws-sdk/middleware-user-agent': 3.398.0
      '@aws-sdk/types': 3.398.0
      '@aws-sdk/util-endpoints': 3.398.0
      '@aws-sdk/util-user-agent-browser': 3.398.0
      '@aws-sdk/util-user-agent-node': 3.405.0
      '@smithy/config-resolver': 2.0.5
      '@smithy/fetch-http-handler': 2.0.5
      '@smithy/hash-node': 2.0.5
      '@smithy/invalid-dependency': 2.0.5
      '@smithy/middleware-content-length': 2.0.5
      '@smithy/middleware-endpoint': 2.0.5
      '@smithy/middleware-retry': 2.0.5
      '@smithy/middleware-serde': 2.0.5
      '@smithy/middleware-stack': 2.0.0
      '@smithy/node-config-provider': 2.0.7
      '@smithy/node-http-handler': 2.0.5
      '@smithy/property-provider': 2.0.6
      '@smithy/protocol-http': 2.0.5
      '@smithy/shared-ini-file-loader': 2.0.6
      '@smithy/smithy-client': 2.0.5
      '@smithy/types': 2.2.2
      '@smithy/url-parser': 2.0.5
      '@smithy/util-base64': 2.0.0
      '@smithy/util-body-length-browser': 2.0.0
      '@smithy/util-body-length-node': 2.1.0
      '@smithy/util-defaults-mode-browser': 2.0.6
      '@smithy/util-defaults-mode-node': 2.0.7
      '@smithy/util-retry': 2.0.0
      '@smithy/util-utf8': 2.0.0
      tslib: 2.6.2
    transitivePeerDependencies:
      - aws-crt
    dev: true

  /@aws-sdk/types@3.398.0:
    resolution: {integrity: sha512-r44fkS+vsEgKCuEuTV+TIk0t0m5ZlXHNjSDYEUvzLStbbfUFiNus/YG4UCa0wOk9R7VuQI67badsvvPeVPCGDQ==}
    engines: {node: '>=14.0.0'}
    dependencies:
      '@smithy/types': 2.2.2
      tslib: 2.6.2
    dev: true

  /@aws-sdk/util-endpoints@3.398.0:
    resolution: {integrity: sha512-Fy0gLYAei/Rd6BrXG4baspCnWTUSd0NdokU1pZh4KlfEAEN1i8SPPgfiO5hLk7+2inqtCmqxVJlfqbMVe9k4bw==}
    engines: {node: '>=14.0.0'}
    dependencies:
      '@aws-sdk/types': 3.398.0
      tslib: 2.6.2
    dev: true

  /@aws-sdk/util-locate-window@3.310.0:
    resolution: {integrity: sha512-qo2t/vBTnoXpjKxlsC2e1gBrRm80M3bId27r0BRB2VniSSe7bL1mmzM+/HFtujm0iAxtPM+aLEflLJlJeDPg0w==}
    engines: {node: '>=14.0.0'}
    dependencies:
      tslib: 2.6.2
    dev: true

  /@aws-sdk/util-user-agent-browser@3.398.0:
    resolution: {integrity: sha512-A3Tzx1tkDHlBT+IgxmsMCHbV8LM7SwwCozq2ZjJRx0nqw3MCrrcxQFXldHeX/gdUMO+0Oocb7HGSnVODTq+0EA==}
    dependencies:
      '@aws-sdk/types': 3.398.0
      '@smithy/types': 2.2.2
      bowser: 2.11.0
      tslib: 2.6.2
    dev: true

  /@aws-sdk/util-user-agent-node@3.405.0:
    resolution: {integrity: sha512-6Ssld7aalKCnW6lSGfiiWpqwo2L+AmYq2oV3P9yYAo9ZL+Q78dXquabwj3uq3plJ4l2xE4Gfcf2FJ/1PZpqDvQ==}
    engines: {node: '>=14.0.0'}
    peerDependencies:
      aws-crt: '>=1.0.0'
    peerDependenciesMeta:
      aws-crt:
        optional: true
    dependencies:
      '@aws-sdk/types': 3.398.0
      '@smithy/node-config-provider': 2.0.7
      '@smithy/types': 2.2.2
      tslib: 2.6.2
    dev: true

  /@aws-sdk/util-utf8-browser@3.259.0:
    resolution: {integrity: sha512-UvFa/vR+e19XookZF8RzFZBrw2EUkQWxiBW0yYQAhvk3C+QVGl0H3ouca8LDBlBfQKXwmW3huo/59H8rwb1wJw==}
    dependencies:
      tslib: 2.6.2
    dev: true

  /@esbuild/linux-loong64@0.14.54:
    resolution: {integrity: sha512-bZBrLAIX1kpWelV0XemxBZllyRmM6vgFQQG2GdNb+r3Fkp0FOh1NJSvekXDs7jq70k4euu1cryLMfU+mTXlEpw==}
    engines: {node: '>=12'}
    cpu: [loong64]
    os: [linux]
    requiresBuild: true
    dev: true
    optional: true

  /@smithy/abort-controller@2.0.5:
    resolution: {integrity: sha512-byVZ2KWLMPYAZGKjRpniAzLcygJO4ruClZKdJTuB0eCB76ONFTdptBHlviHpAZXknRz7skYWPfcgO9v30A1SyA==}
    engines: {node: '>=14.0.0'}
    dependencies:
      '@smithy/types': 2.2.2
      tslib: 2.6.2
    dev: true

  /@smithy/config-resolver@2.0.5:
    resolution: {integrity: sha512-n0c2AXz+kjALY2FQr7Zy9zhYigXzboIh1AuUUVCqFBKFtdEvTwnwPXrTDoEehLiRTUHNL+4yzZ3s+D0kKYSLSg==}
    engines: {node: '>=14.0.0'}
    dependencies:
      '@smithy/types': 2.2.2
      '@smithy/util-config-provider': 2.0.0
      '@smithy/util-middleware': 2.0.0
      tslib: 2.6.2
    dev: true

  /@smithy/credential-provider-imds@2.0.7:
    resolution: {integrity: sha512-XivkZj/pipzpQPxgleE1odwJQ6oDsVViB4VUO/HRDI4EdEfZjud44USupOUOa/xOjS39/75DYB4zgTbyV+totw==}
    engines: {node: '>=14.0.0'}
    dependencies:
      '@smithy/node-config-provider': 2.0.7
      '@smithy/property-provider': 2.0.6
      '@smithy/types': 2.2.2
      '@smithy/url-parser': 2.0.5
      tslib: 2.6.2
    dev: true

  /@smithy/eventstream-codec@2.0.5:
    resolution: {integrity: sha512-iqR6OuOV3zbQK8uVs9o+9AxhVk8kW9NAxA71nugwUB+kTY9C35pUd0A5/m4PRT0Y0oIW7W4kgnSR3fdYXQjECw==}
    dependencies:
      '@aws-crypto/crc32': 3.0.0
      '@smithy/types': 2.2.2
      '@smithy/util-hex-encoding': 2.0.0
      tslib: 2.6.2
    dev: true

  /@smithy/eventstream-serde-browser@2.0.5:
    resolution: {integrity: sha512-8NU51y94qFJbxL6SmvgWDfITHO/svvbAigkLYk2pckX17TGCSf4EXuGpGLliJp5Ljh5+vASC7mUH2jYX7MWBxA==}
    engines: {node: '>=14.0.0'}
    dependencies:
      '@smithy/eventstream-serde-universal': 2.0.5
      '@smithy/types': 2.2.2
      tslib: 2.6.2
    dev: true

  /@smithy/eventstream-serde-config-resolver@2.0.5:
    resolution: {integrity: sha512-u3gvukRaTH4X6tsryuZ4T1WGIEP34fPaTTzphFDJe8GJz/k11oBW1MPnkcaucBMxLnObK9swCF85j5cp1Kj1oA==}
    engines: {node: '>=14.0.0'}
    dependencies:
      '@smithy/types': 2.2.2
      tslib: 2.6.2
    dev: true

  /@smithy/eventstream-serde-node@2.0.5:
    resolution: {integrity: sha512-/C8jb+k/vKUBIe80D30vzjvRXlJf76kG2AJY7/NwiqWuD2usRuuDFCDaswXdVsSh9P1+FeaxZ48chsK10yDryQ==}
    engines: {node: '>=14.0.0'}
    dependencies:
      '@smithy/eventstream-serde-universal': 2.0.5
      '@smithy/types': 2.2.2
      tslib: 2.6.2
    dev: true

  /@smithy/eventstream-serde-universal@2.0.5:
    resolution: {integrity: sha512-+vHvbQtlSVYTQ/20tNpVaKi0EpTR7E8GoEUHJypRZIRgiT03b3h2MAWk+SNaqMrCJrYG9vKLkJFzDylRlUvDWg==}
    engines: {node: '>=14.0.0'}
    dependencies:
      '@smithy/eventstream-codec': 2.0.5
      '@smithy/types': 2.2.2
      tslib: 2.6.2
    dev: true

  /@smithy/fetch-http-handler@2.0.5:
    resolution: {integrity: sha512-EzFoMowdBNy1VqtvkiXgPFEdosIAt4/4bgZ8uiDiUyfhmNXq/3bV+CagPFFBsgFOR/X2XK4zFZHRsoa7PNHVVg==}
    dependencies:
      '@smithy/protocol-http': 2.0.5
      '@smithy/querystring-builder': 2.0.5
      '@smithy/types': 2.2.2
      '@smithy/util-base64': 2.0.0
      tslib: 2.6.2
    dev: true

  /@smithy/hash-node@2.0.5:
    resolution: {integrity: sha512-mk551hIywBITT+kXruRNXk7f8Fy7DTzBjZJSr/V6nolYKmUHIG3w5QU6nO9qPYEQGKc/yEPtkpdS28ndeG93lA==}
    engines: {node: '>=14.0.0'}
    dependencies:
      '@smithy/types': 2.2.2
      '@smithy/util-buffer-from': 2.0.0
      '@smithy/util-utf8': 2.0.0
      tslib: 2.6.2
    dev: true

  /@smithy/invalid-dependency@2.0.5:
    resolution: {integrity: sha512-0wEi+JT0hM+UUwrJVYbqjuGFhy5agY/zXyiN7BNAJ1XoCDjU5uaNSj8ekPWsXd/d4yM6NSe8UbPd8cOc1+3oBQ==}
    dependencies:
      '@smithy/types': 2.2.2
      tslib: 2.6.2
    dev: true

  /@smithy/is-array-buffer@2.0.0:
    resolution: {integrity: sha512-z3PjFjMyZNI98JFRJi/U0nGoLWMSJlDjAW4QUX2WNZLas5C0CmVV6LJ01JI0k90l7FvpmixjWxPFmENSClQ7ug==}
    engines: {node: '>=14.0.0'}
    dependencies:
      tslib: 2.6.2
    dev: true

  /@smithy/middleware-content-length@2.0.5:
    resolution: {integrity: sha512-E7VwV5H02fgZIUGRli4GevBCAPvkyEI/fgl9SU47nPPi3DAAX3nEtUb8xfGbXjOcJ5BdSUoWWZn42tEd/blOqA==}
    engines: {node: '>=14.0.0'}
    dependencies:
      '@smithy/protocol-http': 2.0.5
      '@smithy/types': 2.2.2
      tslib: 2.6.2
    dev: true

  /@smithy/middleware-endpoint@2.0.5:
    resolution: {integrity: sha512-tyzDuoNTbsMQCq5Xkc4QOt6e2GACUllQIV8SQ5fc59FtOIV9/vbf58/GxVjZm2o8+MMbdDBANjTDZe/ijZKfyA==}
    engines: {node: '>=14.0.0'}
    dependencies:
      '@smithy/middleware-serde': 2.0.5
      '@smithy/types': 2.2.2
      '@smithy/url-parser': 2.0.5
      '@smithy/util-middleware': 2.0.0
      tslib: 2.6.2
    dev: true

  /@smithy/middleware-retry@2.0.5:
    resolution: {integrity: sha512-ulIfbFyzQTVnJbLjUl1CTSi0etg6tej/ekwaLp0Gn8ybUkDkKYa+uB6CF/m2J5B6meRwyJlsryR+DjaOVyiicg==}
    engines: {node: '>=14.0.0'}
    dependencies:
      '@smithy/protocol-http': 2.0.5
      '@smithy/service-error-classification': 2.0.0
      '@smithy/types': 2.2.2
      '@smithy/util-middleware': 2.0.0
      '@smithy/util-retry': 2.0.0
      tslib: 2.6.2
      uuid: 8.3.2
    dev: true

  /@smithy/middleware-serde@2.0.5:
    resolution: {integrity: sha512-in0AA5sous74dOfTGU9rMJBXJ0bDVNxwdXtEt5lh3FVd2sEyjhI+rqpLLRF1E4ixbw3RSEf80hfRpcPdjg4vvQ==}
    engines: {node: '>=14.0.0'}
    dependencies:
      '@smithy/types': 2.2.2
      tslib: 2.6.2
    dev: true

  /@smithy/middleware-stack@2.0.0:
    resolution: {integrity: sha512-31XC1xNF65nlbc16yuh3wwTudmqs6qy4EseQUGF8A/p2m/5wdd/cnXJqpniy/XvXVwkHPz/GwV36HqzHtIKATQ==}
    engines: {node: '>=14.0.0'}
    dependencies:
      tslib: 2.6.2
    dev: true

  /@smithy/node-config-provider@2.0.7:
    resolution: {integrity: sha512-GuLxhnf0aVQsfQp4ZWaM1TRCIndpQjAswyFcmDFRNf4yFqpxpLPDeV540+O0Z21Hmu3deoQm/dCPXbVn90PYzg==}
    engines: {node: '>=14.0.0'}
    dependencies:
      '@smithy/property-provider': 2.0.6
      '@smithy/shared-ini-file-loader': 2.0.6
      '@smithy/types': 2.2.2
      tslib: 2.6.2
    dev: true

  /@smithy/node-http-handler@2.0.5:
    resolution: {integrity: sha512-lZm5DZf4b3V0saUw9WTC4/du887P6cy2fUyQgQQKRRV6OseButyD5yTzeMmXE53CaXJBMBsUvvIQ0hRVxIq56w==}
    engines: {node: '>=14.0.0'}
    dependencies:
      '@smithy/abort-controller': 2.0.5
      '@smithy/protocol-http': 2.0.5
      '@smithy/querystring-builder': 2.0.5
      '@smithy/types': 2.2.2
      tslib: 2.6.2
    dev: true

  /@smithy/property-provider@2.0.6:
    resolution: {integrity: sha512-CVem6ZkkWxbTnhjDLyLESY0oLA6IUZYtdqrCpGQKUXaFBOuc/izjm7fIFGBxEbjZ1EGcH9hHxrjqX36RWULNRg==}
    engines: {node: '>=14.0.0'}
    dependencies:
      '@smithy/types': 2.2.2
      tslib: 2.6.2
    dev: true

  /@smithy/protocol-http@2.0.5:
    resolution: {integrity: sha512-d2hhHj34mA2V86doiDfrsy2fNTnUOowGaf9hKb0hIPHqvcnShU4/OSc4Uf1FwHkAdYF3cFXTrj5VGUYbEuvMdw==}
    engines: {node: '>=14.0.0'}
    dependencies:
      '@smithy/types': 2.2.2
      tslib: 2.6.2
    dev: true

  /@smithy/querystring-builder@2.0.5:
    resolution: {integrity: sha512-4DCX9krxLzATj+HdFPC3i8pb7XTAWzzKqSw8aTZMjXjtQY+vhe4azMAqIvbb6g7JKwIkmkRAjK6EXO3YWSnJVQ==}
    engines: {node: '>=14.0.0'}
    dependencies:
      '@smithy/types': 2.2.2
      '@smithy/util-uri-escape': 2.0.0
      tslib: 2.6.2
    dev: true

  /@smithy/querystring-parser@2.0.5:
    resolution: {integrity: sha512-C2stCULH0r54KBksv3AWcN8CLS3u9+WsEW8nBrvctrJ5rQTNa1waHkffpVaiKvcW2nP0aIMBPCobD/kYf/q9mA==}
    engines: {node: '>=14.0.0'}
    dependencies:
      '@smithy/types': 2.2.2
      tslib: 2.6.2
    dev: true

  /@smithy/service-error-classification@2.0.0:
    resolution: {integrity: sha512-2z5Nafy1O0cTf69wKyNjGW/sNVMiqDnb4jgwfMG8ye8KnFJ5qmJpDccwIbJNhXIfbsxTg9SEec2oe1cexhMJvw==}
    engines: {node: '>=14.0.0'}
    dev: true

  /@smithy/shared-ini-file-loader@2.0.6:
    resolution: {integrity: sha512-NO6dHqho6APbVR0DxPtYoL4KXBqUeSM3Slsd103MOgL50YbzzsQmMLtDMZ87W8MlvvCN0tuiq+OrAO/rM7hTQg==}
    engines: {node: '>=14.0.0'}
    dependencies:
      '@smithy/types': 2.2.2
      tslib: 2.6.2
    dev: true

  /@smithy/signature-v4@2.0.5:
    resolution: {integrity: sha512-ABIzXmUDXK4n2c9cXjQLELgH2RdtABpYKT+U131e2I6RbCypFZmxIHmIBufJzU2kdMCQ3+thBGDWorAITFW04A==}
    engines: {node: '>=14.0.0'}
    dependencies:
      '@smithy/eventstream-codec': 2.0.5
      '@smithy/is-array-buffer': 2.0.0
      '@smithy/types': 2.2.2
      '@smithy/util-hex-encoding': 2.0.0
      '@smithy/util-middleware': 2.0.0
      '@smithy/util-uri-escape': 2.0.0
      '@smithy/util-utf8': 2.0.0
      tslib: 2.6.2
    dev: true

  /@smithy/smithy-client@2.0.5:
    resolution: {integrity: sha512-kCTFr8wfOAWKDzGvfBElc6shHigWtHNhMQ1IbosjC4jOlayFyZMSs2PysKB+Ox/dhQ41KqOzgVjgiQ+PyWqHMQ==}
    engines: {node: '>=14.0.0'}
    dependencies:
      '@smithy/middleware-stack': 2.0.0
      '@smithy/types': 2.2.2
      '@smithy/util-stream': 2.0.5
      tslib: 2.6.2
    dev: true

  /@smithy/types@2.2.2:
    resolution: {integrity: sha512-4PS0y1VxDnELGHGgBWlDksB2LJK8TG8lcvlWxIsgR+8vROI7Ms8h1P4FQUx+ftAX2QZv5g1CJCdhdRmQKyonyw==}
    engines: {node: '>=14.0.0'}
    dependencies:
      tslib: 2.6.2
    dev: true

  /@smithy/url-parser@2.0.5:
    resolution: {integrity: sha512-OdMBvZhpckQSkugCXNJQCvqJ71wE7Ftxce92UOQLQ9pwF6hoS5PLL7wEfpnuEXtStzBqJYkzu1C1ZfjuFGOXAA==}
    dependencies:
      '@smithy/querystring-parser': 2.0.5
      '@smithy/types': 2.2.2
      tslib: 2.6.2
    dev: true

  /@smithy/util-base64@2.0.0:
    resolution: {integrity: sha512-Zb1E4xx+m5Lud8bbeYi5FkcMJMnn+1WUnJF3qD7rAdXpaL7UjkFQLdmW5fHadoKbdHpwH9vSR8EyTJFHJs++tA==}
    engines: {node: '>=14.0.0'}
    dependencies:
      '@smithy/util-buffer-from': 2.0.0
      tslib: 2.6.2
    dev: true

  /@smithy/util-body-length-browser@2.0.0:
    resolution: {integrity: sha512-JdDuS4ircJt+FDnaQj88TzZY3+njZ6O+D3uakS32f2VNnDo3vyEuNdBOh/oFd8Df1zSZOuH1HEChk2AOYDezZg==}
    dependencies:
      tslib: 2.6.2
    dev: true

  /@smithy/util-body-length-node@2.1.0:
    resolution: {integrity: sha512-/li0/kj/y3fQ3vyzn36NTLGmUwAICb7Jbe/CsWCktW363gh1MOcpEcSO3mJ344Gv2dqz8YJCLQpb6hju/0qOWw==}
    engines: {node: '>=14.0.0'}
    dependencies:
      tslib: 2.6.2
    dev: true

  /@smithy/util-buffer-from@2.0.0:
    resolution: {integrity: sha512-/YNnLoHsR+4W4Vf2wL5lGv0ksg8Bmk3GEGxn2vEQt52AQaPSCuaO5PM5VM7lP1K9qHRKHwrPGktqVoAHKWHxzw==}
    engines: {node: '>=14.0.0'}
    dependencies:
      '@smithy/is-array-buffer': 2.0.0
      tslib: 2.6.2
    dev: true

  /@smithy/util-config-provider@2.0.0:
    resolution: {integrity: sha512-xCQ6UapcIWKxXHEU4Mcs2s7LcFQRiU3XEluM2WcCjjBtQkUN71Tb+ydGmJFPxMUrW/GWMgQEEGipLym4XG0jZg==}
    engines: {node: '>=14.0.0'}
    dependencies:
      tslib: 2.6.2
    dev: true

  /@smithy/util-defaults-mode-browser@2.0.6:
    resolution: {integrity: sha512-h8xyKTZIIom62DN4xbPUmL+RL1deZcK1qJGmCr4c2yXjOrs5/iZ1VtQQcl+xP78620ga/565AikZE1sktdg2yA==}
    engines: {node: '>= 10.0.0'}
    dependencies:
      '@smithy/property-provider': 2.0.6
      '@smithy/types': 2.2.2
      bowser: 2.11.0
      tslib: 2.6.2
    dev: true

  /@smithy/util-defaults-mode-node@2.0.7:
    resolution: {integrity: sha512-2C1YfmYJj9bpM/cRAgQppYNzPd8gDEXZ5XIVDuEQg3TmmIiinZaFf/HsHYo9NK/PMy5oawJVdIuR7SVriIo1AQ==}
    engines: {node: '>= 10.0.0'}
    dependencies:
      '@smithy/config-resolver': 2.0.5
      '@smithy/credential-provider-imds': 2.0.7
      '@smithy/node-config-provider': 2.0.7
      '@smithy/property-provider': 2.0.6
      '@smithy/types': 2.2.2
      tslib: 2.6.2
    dev: true

  /@smithy/util-hex-encoding@2.0.0:
    resolution: {integrity: sha512-c5xY+NUnFqG6d7HFh1IFfrm3mGl29lC+vF+geHv4ToiuJCBmIfzx6IeHLg+OgRdPFKDXIw6pvi+p3CsscaMcMA==}
    engines: {node: '>=14.0.0'}
    dependencies:
      tslib: 2.6.2
    dev: true

  /@smithy/util-middleware@2.0.0:
    resolution: {integrity: sha512-eCWX4ECuDHn1wuyyDdGdUWnT4OGyIzV0LN1xRttBFMPI9Ff/4heSHVxneyiMtOB//zpXWCha1/SWHJOZstG7kA==}
    engines: {node: '>=14.0.0'}
    dependencies:
      tslib: 2.6.2
    dev: true

  /@smithy/util-retry@2.0.0:
    resolution: {integrity: sha512-/dvJ8afrElasuiiIttRJeoS2sy8YXpksQwiM/TcepqdRVp7u4ejd9C4IQURHNjlfPUT7Y6lCDSa2zQJbdHhVTg==}
    engines: {node: '>= 14.0.0'}
    dependencies:
      '@smithy/service-error-classification': 2.0.0
      tslib: 2.6.2
    dev: true

  /@smithy/util-stream@2.0.5:
    resolution: {integrity: sha512-ylx27GwI05xLpYQ4hDIfS15vm+wYjNN0Sc2P0FxuzgRe8v0BOLHppGIQ+Bezcynk8C9nUzsUue3TmtRhjut43g==}
    engines: {node: '>=14.0.0'}
    dependencies:
      '@smithy/fetch-http-handler': 2.0.5
      '@smithy/node-http-handler': 2.0.5
      '@smithy/types': 2.2.2
      '@smithy/util-base64': 2.0.0
      '@smithy/util-buffer-from': 2.0.0
      '@smithy/util-hex-encoding': 2.0.0
      '@smithy/util-utf8': 2.0.0
      tslib: 2.6.2
    dev: true

  /@smithy/util-uri-escape@2.0.0:
    resolution: {integrity: sha512-ebkxsqinSdEooQduuk9CbKcI+wheijxEb3utGXkCoYQkJnwTnLbH1JXGimJtUkQwNQbsbuYwG2+aFVyZf5TLaw==}
    engines: {node: '>=14.0.0'}
    dependencies:
      tslib: 2.6.2
    dev: true

  /@smithy/util-utf8@2.0.0:
    resolution: {integrity: sha512-rctU1VkziY84n5OXe3bPNpKR001ZCME2JCaBBFgtiM2hfKbHFudc/BkMuPab8hRbLd0j3vbnBTTZ1igBf0wgiQ==}
    engines: {node: '>=14.0.0'}
    dependencies:
      '@smithy/util-buffer-from': 2.0.0
      tslib: 2.6.2
    dev: true

  /@smithy/util-waiter@2.0.5:
    resolution: {integrity: sha512-1lkkUmI/bhaDX+LIT3RiUNAn+NzPmsWjE7beMq0oQ3H1/CffaILIN67riDA0aE1YBj6xll7uWMIy4tJqc+peXw==}
    engines: {node: '>=14.0.0'}
    dependencies:
      '@smithy/abort-controller': 2.0.5
      '@smithy/types': 2.2.2
      tslib: 2.6.2
    dev: true

  /@types/aws-lambda@8.10.119:
    resolution: {integrity: sha512-Vqm22aZrCvCd6I5g1SvpW151jfqwTzEZ7XJ3yZ6xaZG31nUEOEyzzVImjRcsN8Wi/QyPxId/x8GTtgIbsy8kEw==}
    dev: true

  /ansi-regex@5.0.1:
    resolution: {integrity: sha512-quJQXlTSUGL2LH9SUXo8VwsY4soanhgo6LNSm84E1LBcE8s3O0wpdiRzyR9z/ZZJMlMWv37qOOb9pdJlMUEKFQ==}
    engines: {node: '>=8'}
    dev: true

  /ansi-styles@4.3.0:
    resolution: {integrity: sha512-zbB9rCJAT1rbjiVDb2hqKFHNYLxgtk8NURxZ3IZwD3F6NtxbXZQCnnSi1Lkx+IDohdPlFp222wVALIheZJQSEg==}
    engines: {node: '>=8'}
    dependencies:
      color-convert: 2.0.1
    dev: true

  /bowser@2.11.0:
    resolution: {integrity: sha512-AlcaJBi/pqqJBIQ8U9Mcpc9i8Aqxn88Skv5d+xBX006BY5u8N3mGLHa5Lgppa7L/HfwgwLgZ6NYs+Ag6uUmJRA==}
    dev: true

  /chalk@4.1.2:
    resolution: {integrity: sha512-oKnbhFyRIXpUuez8iBMmyEa4nbj4IOQyuhc/wy9kY7/WVPcwIO9VA668Pu8RkO7+0G76SLROeyw9CpQ061i4mA==}
    engines: {node: '>=10'}
    dependencies:
      ansi-styles: 4.3.0
      supports-color: 7.2.0
    dev: true

  /cliui@8.0.1:
    resolution: {integrity: sha512-BSeNnyus75C4//NQ9gQt1/csTXyo/8Sb+afLAkzAptFuMsod9HFokGNudZpi/oQV73hnVK+sR+5PVRMd+Dr7YQ==}
    engines: {node: '>=12'}
    dependencies:
      string-width: 4.2.3
      strip-ansi: 6.0.1
      wrap-ansi: 7.0.0
    dev: true

  /color-convert@2.0.1:
    resolution: {integrity: sha512-RRECPsj7iu/xb5oKYcsFHSppFNnsj/52OVTRKb4zP5onXwVF3zVmmToNcOfGC+CRDpfK/U584fMg38ZHCaElKQ==}
    engines: {node: '>=7.0.0'}
    dependencies:
      color-name: 1.1.4
    dev: true

  /color-name@1.1.4:
    resolution: {integrity: sha512-dOy+3AuW3a2wNbZHIuMZpTcgjGuLU/uBL/ubcZF9OXbDo8ff4O8yVp5Bf0efS8uEoYo5q4Fx7dY9OgQGXgAsQA==}
    dev: true

  /core-util-is@1.0.3:
    resolution: {integrity: sha512-ZQBvi1DcpJ4GDqanjucZ2Hj3wEO5pZDS89BWbkcrvdxksJorwUDDZamX9ldFkp9aw2lmBDLgkObEA4DWNJ9FYQ==}
    dev: true

  /emoji-regex@8.0.0:
    resolution: {integrity: sha512-MSjYzcWNOA0ewAHpz0MxpYFvwg6yjy1NG3xteoqz644VCo/RPgnr1/GGt+ic3iJTzQ8Eu3TdM14SawnVUmGE6A==}
    dev: true

  /esbuild-android-64@0.14.54:
    resolution: {integrity: sha512-Tz2++Aqqz0rJ7kYBfz+iqyE3QMycD4vk7LBRyWaAVFgFtQ/O8EJOnVmTOiDWYZ/uYzB4kvP+bqejYdVKzE5lAQ==}
    engines: {node: '>=12'}
    cpu: [x64]
    os: [android]
    requiresBuild: true
    dev: true
    optional: true

  /esbuild-android-arm64@0.14.54:
    resolution: {integrity: sha512-F9E+/QDi9sSkLaClO8SOV6etqPd+5DgJje1F9lOWoNncDdOBL2YF59IhsWATSt0TLZbYCf3pNlTHvVV5VfHdvg==}
    engines: {node: '>=12'}
    cpu: [arm64]
    os: [android]
    requiresBuild: true
    dev: true
    optional: true

  /esbuild-darwin-64@0.14.54:
    resolution: {integrity: sha512-jtdKWV3nBviOd5v4hOpkVmpxsBy90CGzebpbO9beiqUYVMBtSc0AL9zGftFuBon7PNDcdvNCEuQqw2x0wP9yug==}
    engines: {node: '>=12'}
    cpu: [x64]
    os: [darwin]
    requiresBuild: true
    dev: true
    optional: true

  /esbuild-darwin-arm64@0.14.54:
    resolution: {integrity: sha512-OPafJHD2oUPyvJMrsCvDGkRrVCar5aVyHfWGQzY1dWnzErjrDuSETxwA2HSsyg2jORLY8yBfzc1MIpUkXlctmw==}
    engines: {node: '>=12'}
    cpu: [arm64]
    os: [darwin]
    requiresBuild: true
    dev: true
    optional: true

  /esbuild-freebsd-64@0.14.54:
    resolution: {integrity: sha512-OKwd4gmwHqOTp4mOGZKe/XUlbDJ4Q9TjX0hMPIDBUWWu/kwhBAudJdBoxnjNf9ocIB6GN6CPowYpR/hRCbSYAg==}
    engines: {node: '>=12'}
    cpu: [x64]
    os: [freebsd]
    requiresBuild: true
    dev: true
    optional: true

  /esbuild-freebsd-arm64@0.14.54:
    resolution: {integrity: sha512-sFwueGr7OvIFiQT6WeG0jRLjkjdqWWSrfbVwZp8iMP+8UHEHRBvlaxL6IuKNDwAozNUmbb8nIMXa7oAOARGs1Q==}
    engines: {node: '>=12'}
    cpu: [arm64]
    os: [freebsd]
    requiresBuild: true
    dev: true
    optional: true

  /esbuild-linux-32@0.14.54:
    resolution: {integrity: sha512-1ZuY+JDI//WmklKlBgJnglpUL1owm2OX+8E1syCD6UAxcMM/XoWd76OHSjl/0MR0LisSAXDqgjT3uJqT67O3qw==}
    engines: {node: '>=12'}
    cpu: [ia32]
    os: [linux]
    requiresBuild: true
    dev: true
    optional: true

  /esbuild-linux-64@0.14.54:
    resolution: {integrity: sha512-EgjAgH5HwTbtNsTqQOXWApBaPVdDn7XcK+/PtJwZLT1UmpLoznPd8c5CxqsH2dQK3j05YsB3L17T8vE7cp4cCg==}
    engines: {node: '>=12'}
    cpu: [x64]
    os: [linux]
    requiresBuild: true
    dev: true
    optional: true

  /esbuild-linux-arm64@0.14.54:
    resolution: {integrity: sha512-WL71L+0Rwv+Gv/HTmxTEmpv0UgmxYa5ftZILVi2QmZBgX3q7+tDeOQNqGtdXSdsL8TQi1vIaVFHUPDe0O0kdig==}
    engines: {node: '>=12'}
    cpu: [arm64]
    os: [linux]
    requiresBuild: true
    dev: true
    optional: true

  /esbuild-linux-arm@0.14.54:
    resolution: {integrity: sha512-qqz/SjemQhVMTnvcLGoLOdFpCYbz4v4fUo+TfsWG+1aOu70/80RV6bgNpR2JCrppV2moUQkww+6bWxXRL9YMGw==}
    engines: {node: '>=12'}
    cpu: [arm]
    os: [linux]
    requiresBuild: true
    dev: true
    optional: true

  /esbuild-linux-mips64le@0.14.54:
    resolution: {integrity: sha512-qTHGQB8D1etd0u1+sB6p0ikLKRVuCWhYQhAHRPkO+OF3I/iSlTKNNS0Lh2Oc0g0UFGguaFZZiPJdJey3AGpAlw==}
    engines: {node: '>=12'}
    cpu: [mips64el]
    os: [linux]
    requiresBuild: true
    dev: true
    optional: true

  /esbuild-linux-ppc64le@0.14.54:
    resolution: {integrity: sha512-j3OMlzHiqwZBDPRCDFKcx595XVfOfOnv68Ax3U4UKZ3MTYQB5Yz3X1mn5GnodEVYzhtZgxEBidLWeIs8FDSfrQ==}
    engines: {node: '>=12'}
    cpu: [ppc64]
    os: [linux]
    requiresBuild: true
    dev: true
    optional: true

  /esbuild-linux-riscv64@0.14.54:
    resolution: {integrity: sha512-y7Vt7Wl9dkOGZjxQZnDAqqn+XOqFD7IMWiewY5SPlNlzMX39ocPQlOaoxvT4FllA5viyV26/QzHtvTjVNOxHZg==}
    engines: {node: '>=12'}
    cpu: [riscv64]
    os: [linux]
    requiresBuild: true
    dev: true
    optional: true

  /esbuild-linux-s390x@0.14.54:
    resolution: {integrity: sha512-zaHpW9dziAsi7lRcyV4r8dhfG1qBidQWUXweUjnw+lliChJqQr+6XD71K41oEIC3Mx1KStovEmlzm+MkGZHnHA==}
    engines: {node: '>=12'}
    cpu: [s390x]
    os: [linux]
    requiresBuild: true
    dev: true
    optional: true

  /esbuild-netbsd-64@0.14.54:
    resolution: {integrity: sha512-PR01lmIMnfJTgeU9VJTDY9ZerDWVFIUzAtJuDHwwceppW7cQWjBBqP48NdeRtoP04/AtO9a7w3viI+PIDr6d+w==}
    engines: {node: '>=12'}
    cpu: [x64]
    os: [netbsd]
    requiresBuild: true
    dev: true
    optional: true

  /esbuild-openbsd-64@0.14.54:
    resolution: {integrity: sha512-Qyk7ikT2o7Wu76UsvvDS5q0amJvmRzDyVlL0qf5VLsLchjCa1+IAvd8kTBgUxD7VBUUVgItLkk609ZHUc1oCaw==}
    engines: {node: '>=12'}
    cpu: [x64]
    os: [openbsd]
    requiresBuild: true
    dev: true
    optional: true

  /esbuild-sunos-64@0.14.54:
    resolution: {integrity: sha512-28GZ24KmMSeKi5ueWzMcco6EBHStL3B6ubM7M51RmPwXQGLe0teBGJocmWhgwccA1GeFXqxzILIxXpHbl9Q/Kw==}
    engines: {node: '>=12'}
    cpu: [x64]
    os: [sunos]
    requiresBuild: true
    dev: true
    optional: true

  /esbuild-windows-32@0.14.54:
    resolution: {integrity: sha512-T+rdZW19ql9MjS7pixmZYVObd9G7kcaZo+sETqNH4RCkuuYSuv9AGHUVnPoP9hhuE1WM1ZimHz1CIBHBboLU7w==}
    engines: {node: '>=12'}
    cpu: [ia32]
    os: [win32]
    requiresBuild: true
    dev: true
    optional: true

  /esbuild-windows-64@0.14.54:
    resolution: {integrity: sha512-AoHTRBUuYwXtZhjXZbA1pGfTo8cJo3vZIcWGLiUcTNgHpJJMC1rVA44ZereBHMJtotyN71S8Qw0npiCIkW96cQ==}
    engines: {node: '>=12'}
    cpu: [x64]
    os: [win32]
    requiresBuild: true
    dev: true
    optional: true

  /esbuild-windows-arm64@0.14.54:
    resolution: {integrity: sha512-M0kuUvXhot1zOISQGXwWn6YtS+Y/1RT9WrVIOywZnJHo3jCDyewAc79aKNQWFCQm+xNHVTq9h8dZKvygoXQQRg==}
    engines: {node: '>=12'}
    cpu: [arm64]
    os: [win32]
    requiresBuild: true
    dev: true
    optional: true

  /esbuild@0.14.54:
    resolution: {integrity: sha512-Cy9llcy8DvET5uznocPyqL3BFRrFXSVqbgpMJ9Wz8oVjZlh/zUSNbPRbov0VX7VxN2JH1Oa0uNxZ7eLRb62pJA==}
    engines: {node: '>=12'}
    hasBin: true
    requiresBuild: true
    optionalDependencies:
      '@esbuild/linux-loong64': 0.14.54
      esbuild-android-64: 0.14.54
      esbuild-android-arm64: 0.14.54
      esbuild-darwin-64: 0.14.54
      esbuild-darwin-arm64: 0.14.54
      esbuild-freebsd-64: 0.14.54
      esbuild-freebsd-arm64: 0.14.54
      esbuild-linux-32: 0.14.54
      esbuild-linux-64: 0.14.54
      esbuild-linux-arm: 0.14.54
      esbuild-linux-arm64: 0.14.54
      esbuild-linux-mips64le: 0.14.54
      esbuild-linux-ppc64le: 0.14.54
      esbuild-linux-riscv64: 0.14.54
      esbuild-linux-s390x: 0.14.54
      esbuild-netbsd-64: 0.14.54
      esbuild-openbsd-64: 0.14.54
      esbuild-sunos-64: 0.14.54
      esbuild-windows-32: 0.14.54
      esbuild-windows-64: 0.14.54
      esbuild-windows-arm64: 0.14.54
    dev: true

  /escalade@3.1.1:
    resolution: {integrity: sha512-k0er2gUkLf8O0zKJiAhmkTnJlTvINGv7ygDNPbeIsX/TJjGJZHuh9B2UxbsaEkmlEo9MfhrSzmhIlhRlI2GXnw==}
    engines: {node: '>=6'}
    dev: true

  /fast-xml-parser@4.2.5:
    resolution: {integrity: sha512-B9/wizE4WngqQftFPmdaMYlXoJlJOYxGQOanC77fq9k8+Z0v5dDSVh+3glErdIROP//s/jgb7ZuxKfB8nVyo0g==}
    hasBin: true
    dependencies:
      strnum: 1.0.5
    dev: true

  /filesize@8.0.7:
    resolution: {integrity: sha512-pjmC+bkIF8XI7fWaH8KxHcZL3DPybs1roSKP4rKDvy20tAWwIObE4+JIseG2byfGKhud5ZnM4YSGKBz7Sh0ndQ==}
    engines: {node: '>= 0.4.0'}
    dev: true

  /get-caller-file@2.0.5:
    resolution: {integrity: sha512-DyFP3BM/3YHTQOCUL/w0OZHR0lpKeGrxotcHWcqNEdnltqFwXVfhEBQ94eIo34AfQpo0rGki4cyIiftY06h2Fg==}
    engines: {node: 6.* || 8.* || >= 10.*}
    dev: true

  /has-flag@4.0.0:
    resolution: {integrity: sha512-EykJT/Q1KjTWctppgIAgfSO0tKVuZUjhgMr17kqTumMl6Afv3EISleU7qZUzoXDFTAHTDC4NOoG/ZxU3EvlMPQ==}
    engines: {node: '>=8'}
    dev: true

  /immediate@3.0.6:
    resolution: {integrity: sha512-XXOFtyqDjNDAQxVfYxuF7g9Il/IbWmmlQg2MYKOH8ExIT1qg6xc4zyS3HaEEATgs1btfzxq15ciUiY7gjSXRGQ==}
    dev: true

  /inherits@2.0.4:
    resolution: {integrity: sha512-k/vGaX4/Yla3WzyMCvTQOXYeIHvqOKtnqBduzTHpzpQZzAskKMhZ2K+EnBiSM9zGSoIFeMpXKxa4dYeZIQqewQ==}
    dev: true

  /is-fullwidth-code-point@3.0.0:
    resolution: {integrity: sha512-zymm5+u+sCsSWyD9qNaejV3DFvhCKclKdizYaJUuHA83RLjb7nSuGnddCHGv0hk+KY7BMAlsWeK4Ueg6EV6XQg==}
    engines: {node: '>=8'}
    dev: true

  /isarray@1.0.0:
    resolution: {integrity: sha512-VLghIWNM6ELQzo7zwmcg0NmTVyWKYjvIeM83yjp0wRDTmUnrM678fQbcKBo6n2CJEF0szoG//ytg+TKla89ALQ==}
    dev: true

  /jszip@3.10.1:
    resolution: {integrity: sha512-xXDvecyTpGLrqFrvkrUSoxxfJI5AH7U8zxxtVclpsUtMCq4JQ290LY8AW5c7Ggnr/Y/oK+bQMbqK2qmtk3pN4g==}
    dependencies:
      lie: 3.3.0
      pako: 1.0.11
      readable-stream: 2.3.8
      setimmediate: 1.0.5
    dev: true

  /lambda-build@1.0.6:
    resolution: {integrity: sha512-a6vu7Y6U/G8YFSdI4I8R06hxlqyB2vV4vwoKJMpswRMKDLMWOyFiynTruHxPdhZJRG1NoH37GFk0c1uQjNwdfw==}
    hasBin: true
    dependencies:
      '@aws-sdk/client-lambda': 3.405.0
      chalk: 4.1.2
      esbuild: 0.14.54
      filesize: 8.0.7
      jszip: 3.10.1
      yargs: 17.7.2
    transitivePeerDependencies:
      - aws-crt
    dev: true

  /lie@3.3.0:
    resolution: {integrity: sha512-UaiMJzeWRlEujzAuw5LokY1L5ecNQYZKfmyZ9L7wDHb/p5etKaxXhohBcrw0EYby+G/NA52vRSN4N39dxHAIwQ==}
    dependencies:
      immediate: 3.0.6
    dev: true

  /pako@1.0.11:
    resolution: {integrity: sha512-4hLB8Py4zZce5s4yd9XzopqwVv/yGNhV1Bl8NTmCq1763HeK2+EwVTv+leGeL13Dnh2wfbqowVPXCIO0z4taYw==}
    dev: true

  /process-nextick-args@2.0.1:
    resolution: {integrity: sha512-3ouUOpQhtgrbOa17J7+uxOTpITYWaGP7/AhoR3+A+/1e9skrzelGi/dXzEYyvbxubEF6Wn2ypscTKiKJFFn1ag==}
    dev: true

  /readable-stream@2.3.8:
    resolution: {integrity: sha512-8p0AUk4XODgIewSi0l8Epjs+EVnWiK7NoDIEGU0HhE7+ZyY8D1IMY7odu5lRrFXGg71L15KG8QrPmum45RTtdA==}
    dependencies:
      core-util-is: 1.0.3
      inherits: 2.0.4
      isarray: 1.0.0
      process-nextick-args: 2.0.1
      safe-buffer: 5.1.2
      string_decoder: 1.1.1
      util-deprecate: 1.0.2
    dev: true

  /require-directory@2.1.1:
    resolution: {integrity: sha512-fGxEI7+wsG9xrvdjsrlmL22OMTTiHRwAMroiEeMgq8gzoLC/PQr7RsRDSTLUg/bZAZtF+TVIkHc6/4RIKrui+Q==}
    engines: {node: '>=0.10.0'}
    dev: true

  /safe-buffer@5.1.2:
    resolution: {integrity: sha512-Gd2UZBJDkXlY7GbJxfsE8/nvKkUEU1G38c1siN6QP6a9PT9MmHB8GnpscSmMJSoF8LOIrt8ud/wPtojys4G6+g==}
    dev: true

  /setimmediate@1.0.5:
    resolution: {integrity: sha512-MATJdZp8sLqDl/68LfQmbP8zKPLQNV6BIZoIgrscFDQ+RsvK/BxeDQOgyxKKoh0y/8h3BqVFnCqQ/gd+reiIXA==}
    dev: true

  /string-width@4.2.3:
    resolution: {integrity: sha512-wKyQRQpjJ0sIp62ErSZdGsjMJWsap5oRNihHhu6G7JVO/9jIB6UyevL+tXuOqrng8j/cxKTWyWUwvSTriiZz/g==}
    engines: {node: '>=8'}
    dependencies:
      emoji-regex: 8.0.0
      is-fullwidth-code-point: 3.0.0
      strip-ansi: 6.0.1
    dev: true

  /string_decoder@1.1.1:
    resolution: {integrity: sha512-n/ShnvDi6FHbbVfviro+WojiFzv+s8MPMHBczVePfUpDJLwoLT0ht1l4YwBCbi8pJAveEEdnkHyPyTP/mzRfwg==}
    dependencies:
      safe-buffer: 5.1.2
    dev: true

  /strip-ansi@6.0.1:
    resolution: {integrity: sha512-Y38VPSHcqkFrCpFnQ9vuSXmquuv5oXOKpGeT6aGrr3o3Gc9AlVa6JBfUSOCnbxGGZF+/0ooI7KrPuUSztUdU5A==}
    engines: {node: '>=8'}
    dependencies:
      ansi-regex: 5.0.1
    dev: true

  /strnum@1.0.5:
    resolution: {integrity: sha512-J8bbNyKKXl5qYcR36TIO8W3mVGVHrmmxsd5PAItGkmyzwJvybiw2IVq5nqd0i4LSNSkB/sx9VHllbfFdr9k1JA==}
    dev: true

  /supports-color@7.2.0:
    resolution: {integrity: sha512-qpCAvRl9stuOHveKsn7HncJRvv501qIacKzQlO/+Lwxc9+0q2wLyv4Dfvt80/DPn2pqOBsJdDiogXGR9+OvwRw==}
    engines: {node: '>=8'}
    dependencies:
      has-flag: 4.0.0
    dev: true

  /tslib@1.14.1:
    resolution: {integrity: sha512-Xni35NKzjgMrwevysHTCArtLDpPvye8zV/0E4EyYn43P7/7qvQwPh9BGkHewbMulVntbigmcT7rdX3BNo9wRJg==}
    dev: true

  /tslib@2.6.2:
    resolution: {integrity: sha512-AEYxH93jGFPn/a2iVAwW87VuUIkR1FVUKB77NwMF7nBTDkDrrT/Hpt/IrCJ0QXhW27jTBDcf5ZY7w6RiqTMw2Q==}
    dev: true

  /util-deprecate@1.0.2:
    resolution: {integrity: sha512-EPD5q1uXyFxJpCrLnCc1nHnq3gOa6DZBocAIiI2TaSCA7VCJ1UJDMagCzIkXNsUYfD1daK//LTEQ8xiIbrHtcw==}
    dev: true

  /uuid@8.3.2:
    resolution: {integrity: sha512-+NYs2QeMWy+GWFOEm9xnn6HCDp0l7QBD7ml8zLUmJ+93Q5NF0NocErnwkTkXVFNiX3/fpC6afS8Dhb/gz7R7eg==}
    hasBin: true
    dev: true

  /wrap-ansi@7.0.0:
    resolution: {integrity: sha512-YVGIj2kamLSTxw6NsZjoBxfSwsn0ycdesmc4p+Q21c5zPuZ1pl+NfxVdxPtdHvmNVOQ6XSYG4AUtyt/Fi7D16Q==}
    engines: {node: '>=10'}
    dependencies:
      ansi-styles: 4.3.0
      string-width: 4.2.3
      strip-ansi: 6.0.1
    dev: true

  /y18n@5.0.8:
    resolution: {integrity: sha512-0pfFzegeDWJHJIAmTLRP2DwHjdF5s7jo9tuztdQxAhINCdvS+3nGINqPd00AphqJR/0LhANUS6/+7SCb98YOfA==}
    engines: {node: '>=10'}
    dev: true

  /yargs-parser@21.1.1:
    resolution: {integrity: sha512-tVpsJW7DdjecAiFpbIB1e3qxIQsE6NoPc5/eTdrbbIC4h0LVsWhnoa3g+m2HclBIujHzsxZ4VJVA+GUuc2/LBw==}
    engines: {node: '>=12'}
    dev: true

  /yargs@17.7.2:
    resolution: {integrity: sha512-7dSzzRQ++CKnNI/krKnYRV7JKKPUXMEh61soaHKg9mrWEhzFWhFnxPxGl+69cD1Ou63C13NUPCnmIcrvqCuM6w==}
    engines: {node: '>=12'}
    dependencies:
      cliui: 8.0.1
      escalade: 3.1.1
      get-caller-file: 2.0.5
      require-directory: 2.1.1
      string-width: 4.2.3
      y18n: 5.0.8
      yargs-parser: 21.1.1
    dev: true
